
Microsoft Visual Studio Solution File, Format Version 12.00
# Visual Studio Version 17
VisualStudioVersion = 17.11.35327.3
MinimumVisualStudioVersion = 10.0.40219.1
Project("{FAE04EC0-301F-11D3-BF4B-00C04F79EFBC}") = "proiect_PAW_2025", "proiect_PAW_2025\proiect_PAW_2025.csproj", "{78745B3B-122B-4312-BDBA-D58E678B022B}"
EndProject
Global
	GlobalSection(SolutionConfigurationPlatforms) = preSolution
		Debug|Any CPU = Debug|Any CPU
		Release|Any CPU = Release|Any CPU
	EndGlobalSection
	GlobalSection(ProjectConfigurationPlatforms) = postSolution
		{78745B3B-122B-4312-BDBA-D58E678B022B}.Debug|Any CPU.ActiveCfg = Debug|Any CPU
		{78745B3B-122B-4312-BDBA-D58E678B022B}.Debug|Any CPU.Build.0 = Debug|Any CPU
		{78745B3B-122B-4312-BDBA-D58E678B022B}.Release|Any CPU.ActiveCfg = Release|Any CPU
		{78745B3B-122B-4312-BDBA-D58E678B022B}.Release|Any CPU.Build.0 = Release|Any CPU
	EndGlobalSection
	GlobalSection(SolutionProperties) = preSolution
		HideSolutionNode = FALSE
	EndGlobalSection
	GlobalSection(ExtensibilityGlobals) = postSolution
		SolutionGuid = {9F9740CE-B448-4270-AD12-7116FADBFB26}
	EndGlobalSection
EndGlobal
