
Microsoft Visual Studio Solution File, Format Version 12.00
# Visual Studio Version 17
VisualStudioVersion = 17.11.35327.3
MinimumVisualStudioVersion = 10.0.40219.1
Project("{FAE04EC0-301F-11D3-BF4B-00C04F79EFBC}") = "PAW_seminar5_24_03_2025", "PAW_seminar5_24_03_2025\PAW_seminar5_24_03_2025.csproj", "{549C7810-4ADA-46AD-83DC-860E0121A054}"
EndProject
Global
	GlobalSection(SolutionConfigurationPlatforms) = preSolution
		Debug|Any CPU = Debug|Any CPU
		Release|Any CPU = Release|Any CPU
	EndGlobalSection
	GlobalSection(ProjectConfigurationPlatforms) = postSolution
		{549C7810-4ADA-46AD-83DC-860E0121A054}.Debug|Any CPU.ActiveCfg = Debug|Any CPU
		{549C7810-4ADA-46AD-83DC-860E0121A054}.Debug|Any CPU.Build.0 = Debug|Any CPU
		{549C7810-4ADA-46AD-83DC-860E0121A054}.Release|Any CPU.ActiveCfg = Release|Any CPU
		{549C7810-4ADA-46AD-83DC-860E0121A054}.Release|Any CPU.Build.0 = Release|Any CPU
	EndGlobalSection
	GlobalSection(SolutionProperties) = preSolution
		HideSolutionNode = FALSE
	EndGlobalSection
	GlobalSection(ExtensibilityGlobals) = postSolution
		SolutionGuid = {8267C5FA-46D3-4ED8-A476-66FCD263B49C}
	EndGlobalSection
EndGlobal
