
Microsoft Visual Studio Solution File, Format Version 12.00
# Visual Studio Version 17
VisualStudioVersion = 17.5.33502.453
MinimumVisualStudioVersion = 10.0.40219.1
Project("{FAE04EC0-301F-11D3-BF4B-00C04F79EFBC}") = "seminar4", "seminar4\seminar4.csproj", "{DC77C4BC-EEB9-43D1-8497-20DEF92D0A52}"
EndProject
Global
	GlobalSection(SolutionConfigurationPlatforms) = preSolution
		Debug|Any CPU = Debug|Any CPU
		Release|Any CPU = Release|Any CPU
	EndGlobalSection
	GlobalSection(ProjectConfigurationPlatforms) = postSolution
		{DC77C4BC-EEB9-43D1-8497-20DEF92D0A52}.Debug|Any CPU.ActiveCfg = Debug|Any CPU
		{DC77C4BC-EEB9-43D1-8497-20DEF92D0A52}.Debug|Any CPU.Build.0 = Debug|Any CPU
		{DC77C4BC-EEB9-43D1-8497-20DEF92D0A52}.Release|Any CPU.ActiveCfg = Release|Any CPU
		{DC77C4BC-EEB9-43D1-8497-20DEF92D0A52}.Release|Any CPU.Build.0 = Release|Any CPU
	EndGlobalSection
	GlobalSection(SolutionProperties) = preSolution
		HideSolutionNode = FALSE
	EndGlobalSection
	GlobalSection(ExtensibilityGlobals) = postSolution
		SolutionGuid = {11222601-7E7E-4142-AA64-EE7871BD03F8}
	EndGlobalSection
EndGlobal
