
Microsoft Visual Studio Solution File, Format Version 12.00
# Visual Studio Version 17
VisualStudioVersion = 17.11.35327.3
MinimumVisualStudioVersion = 10.0.40219.1
Project("{FAE04EC0-301F-11D3-BF4B-00C04F79EFBC}") = "PAW_seminar7_28_04_2025", "PAW_seminar7_28_04_2025\PAW_seminar7_28_04_2025.csproj", "{6642D6E4-9E50-4027-BF05-B7C3C6BE54F4}"
EndProject
Global
	GlobalSection(SolutionConfigurationPlatforms) = preSolution
		Debug|Any CPU = Debug|Any CPU
		Release|Any CPU = Release|Any CPU
	EndGlobalSection
	GlobalSection(ProjectConfigurationPlatforms) = postSolution
		{6642D6E4-9E50-4027-BF05-B7C3C6BE54F4}.Debug|Any CPU.ActiveCfg = Debug|Any CPU
		{6642D6E4-9E50-4027-BF05-B7C3C6BE54F4}.Debug|Any CPU.Build.0 = Debug|Any CPU
		{6642D6E4-9E50-4027-BF05-B7C3C6BE54F4}.Release|Any CPU.ActiveCfg = Release|Any CPU
		{6642D6E4-9E50-4027-BF05-B7C3C6BE54F4}.Release|Any CPU.Build.0 = Release|Any CPU
	EndGlobalSection
	GlobalSection(SolutionProperties) = preSolution
		HideSolutionNode = FALSE
	EndGlobalSection
	GlobalSection(ExtensibilityGlobals) = postSolution
		SolutionGuid = {E3716A0E-7B2E-4552-8C2B-11ACFED3C921}
	EndGlobalSection
EndGlobal
